<Solution>
  <Folder Name="/Solution Items/">
    <File Path=".gitignore" />
  </Folder>
  <Project Path="FinanceTracker.BusinessLogic/FinanceTracker.BusinessLogic.csproj" />
  <Project Path="FinanceTracker.DataAccess/FinanceTracker.DataAccess.csproj" />
  <Project Path="FinanceTracker/FinanceTracker.csproj" />
</Solution>
